
Microsoft Visual Studio Solution File, Format Version 12.00
# Visual Studio 14
VisualStudioVersion = 14.0.25420.1
MinimumVisualStudioVersion = 10.0.40219.1
Project("{FAE04EC0-301F-11D3-BF4B-00C04F79EFBC}") = "CTCodePrint", "CTCodePrint\CTCodePrint.csproj", "{3606E056-82FC-4AA3-9661-58D4FB69D5D3}"
EndProject
Project("{FAE04EC0-301F-11D3-BF4B-00C04F79EFBC}") = "GenerateCTCode", "GenerateCTCode\GenerateCTCode.csproj", "{19F0AB2F-976E-42C7-9DD2-FBA983235EC5}"
EndProject
Project("{FAE04EC0-301F-11D3-BF4B-00C04F79EFBC}") = "DBUtility", "DBUtility\DBUtility.csproj", "{706ECC32-96B9-4218-95BF-25000AB4588E}"
EndProject
Project("{FAE04EC0-301F-11D3-BF4B-00C04F79EFBC}") = "Model", "Model\Model.csproj", "{D7F73F21-E199-4866-B818-4830D6A1934A}"
EndProject
Project("{FAE04EC0-301F-11D3-BF4B-00C04F79EFBC}") = "BLL", "BLL\BLL.csproj", "{06021739-ABAA-4E30-B2A9-9C3C342BBF3E}"
EndProject
Project("{FAE04EC0-301F-11D3-BF4B-00C04F79EFBC}") = "DAL", "DAL\DAL.csproj", "{0DD83604-5EA7-4E58-BFC9-DFD2152D99E4}"
EndProject
Project("{6141683F-8A12-4E36-9623-2EB02B2C2303}") = "SetupCT", "SetupCT\SetupCT.isproj", "{179B0AE4-7721-43DE-9842-5E9AA7187700}"
EndProject
Global
	GlobalSection(SolutionConfigurationPlatforms) = preSolution
		CD_ROM|Any CPU = CD_ROM|Any CPU
		Debug|Any CPU = Debug|Any CPU
		DVD-5|Any CPU = DVD-5|Any CPU
		Release|Any CPU = Release|Any CPU
		SingleImage|Any CPU = SingleImage|Any CPU
	EndGlobalSection
	GlobalSection(ProjectConfigurationPlatforms) = postSolution
		{3606E056-82FC-4AA3-9661-58D4FB69D5D3}.CD_ROM|Any CPU.ActiveCfg = Release|Any CPU
		{3606E056-82FC-4AA3-9661-58D4FB69D5D3}.CD_ROM|Any CPU.Build.0 = Release|Any CPU
		{3606E056-82FC-4AA3-9661-58D4FB69D5D3}.Debug|Any CPU.ActiveCfg = Debug|Any CPU
		{3606E056-82FC-4AA3-9661-58D4FB69D5D3}.Debug|Any CPU.Build.0 = Debug|Any CPU
		{3606E056-82FC-4AA3-9661-58D4FB69D5D3}.DVD-5|Any CPU.ActiveCfg = Debug|Any CPU
		{3606E056-82FC-4AA3-9661-58D4FB69D5D3}.DVD-5|Any CPU.Build.0 = Debug|Any CPU
		{3606E056-82FC-4AA3-9661-58D4FB69D5D3}.Release|Any CPU.ActiveCfg = Release|Any CPU
		{3606E056-82FC-4AA3-9661-58D4FB69D5D3}.Release|Any CPU.Build.0 = Release|Any CPU
		{3606E056-82FC-4AA3-9661-58D4FB69D5D3}.SingleImage|Any CPU.ActiveCfg = Release|Any CPU
		{3606E056-82FC-4AA3-9661-58D4FB69D5D3}.SingleImage|Any CPU.Build.0 = Release|Any CPU
		{19F0AB2F-976E-42C7-9DD2-FBA983235EC5}.CD_ROM|Any CPU.ActiveCfg = Release|Any CPU
		{19F0AB2F-976E-42C7-9DD2-FBA983235EC5}.CD_ROM|Any CPU.Build.0 = Release|Any CPU
		{19F0AB2F-976E-42C7-9DD2-FBA983235EC5}.Debug|Any CPU.ActiveCfg = Debug|Any CPU
		{19F0AB2F-976E-42C7-9DD2-FBA983235EC5}.Debug|Any CPU.Build.0 = Debug|Any CPU
		{19F0AB2F-976E-42C7-9DD2-FBA983235EC5}.DVD-5|Any CPU.ActiveCfg = Debug|Any CPU
		{19F0AB2F-976E-42C7-9DD2-FBA983235EC5}.DVD-5|Any CPU.Build.0 = Debug|Any CPU
		{19F0AB2F-976E-42C7-9DD2-FBA983235EC5}.Release|Any CPU.ActiveCfg = Release|Any CPU
		{19F0AB2F-976E-42C7-9DD2-FBA983235EC5}.Release|Any CPU.Build.0 = Release|Any CPU
		{19F0AB2F-976E-42C7-9DD2-FBA983235EC5}.SingleImage|Any CPU.ActiveCfg = Release|Any CPU
		{19F0AB2F-976E-42C7-9DD2-FBA983235EC5}.SingleImage|Any CPU.Build.0 = Release|Any CPU
		{706ECC32-96B9-4218-95BF-25000AB4588E}.CD_ROM|Any CPU.ActiveCfg = Release|Any CPU
		{706ECC32-96B9-4218-95BF-25000AB4588E}.CD_ROM|Any CPU.Build.0 = Release|Any CPU
		{706ECC32-96B9-4218-95BF-25000AB4588E}.Debug|Any CPU.ActiveCfg = Debug|Any CPU
		{706ECC32-96B9-4218-95BF-25000AB4588E}.Debug|Any CPU.Build.0 = Debug|Any CPU
		{706ECC32-96B9-4218-95BF-25000AB4588E}.DVD-5|Any CPU.ActiveCfg = Debug|Any CPU
		{706ECC32-96B9-4218-95BF-25000AB4588E}.DVD-5|Any CPU.Build.0 = Debug|Any CPU
		{706ECC32-96B9-4218-95BF-25000AB4588E}.Release|Any CPU.ActiveCfg = Release|Any CPU
		{706ECC32-96B9-4218-95BF-25000AB4588E}.Release|Any CPU.Build.0 = Release|Any CPU
		{706ECC32-96B9-4218-95BF-25000AB4588E}.SingleImage|Any CPU.ActiveCfg = Release|Any CPU
		{706ECC32-96B9-4218-95BF-25000AB4588E}.SingleImage|Any CPU.Build.0 = Release|Any CPU
		{D7F73F21-E199-4866-B818-4830D6A1934A}.CD_ROM|Any CPU.ActiveCfg = Release|Any CPU
		{D7F73F21-E199-4866-B818-4830D6A1934A}.CD_ROM|Any CPU.Build.0 = Release|Any CPU
		{D7F73F21-E199-4866-B818-4830D6A1934A}.Debug|Any CPU.ActiveCfg = Debug|Any CPU
		{D7F73F21-E199-4866-B818-4830D6A1934A}.Debug|Any CPU.Build.0 = Debug|Any CPU
		{D7F73F21-E199-4866-B818-4830D6A1934A}.DVD-5|Any CPU.ActiveCfg = Debug|Any CPU
		{D7F73F21-E199-4866-B818-4830D6A1934A}.DVD-5|Any CPU.Build.0 = Debug|Any CPU
		{D7F73F21-E199-4866-B818-4830D6A1934A}.Release|Any CPU.ActiveCfg = Release|Any CPU
		{D7F73F21-E199-4866-B818-4830D6A1934A}.Release|Any CPU.Build.0 = Release|Any CPU
		{D7F73F21-E199-4866-B818-4830D6A1934A}.SingleImage|Any CPU.ActiveCfg = Release|Any CPU
		{D7F73F21-E199-4866-B818-4830D6A1934A}.SingleImage|Any CPU.Build.0 = Release|Any CPU
		{06021739-ABAA-4E30-B2A9-9C3C342BBF3E}.CD_ROM|Any CPU.ActiveCfg = Release|Any CPU
		{06021739-ABAA-4E30-B2A9-9C3C342BBF3E}.CD_ROM|Any CPU.Build.0 = Release|Any CPU
		{06021739-ABAA-4E30-B2A9-9C3C342BBF3E}.Debug|Any CPU.ActiveCfg = Debug|Any CPU
		{06021739-ABAA-4E30-B2A9-9C3C342BBF3E}.Debug|Any CPU.Build.0 = Debug|Any CPU
		{06021739-ABAA-4E30-B2A9-9C3C342BBF3E}.DVD-5|Any CPU.ActiveCfg = Debug|Any CPU
		{06021739-ABAA-4E30-B2A9-9C3C342BBF3E}.DVD-5|Any CPU.Build.0 = Debug|Any CPU
		{06021739-ABAA-4E30-B2A9-9C3C342BBF3E}.Release|Any CPU.ActiveCfg = Release|Any CPU
		{06021739-ABAA-4E30-B2A9-9C3C342BBF3E}.Release|Any CPU.Build.0 = Release|Any CPU
		{06021739-ABAA-4E30-B2A9-9C3C342BBF3E}.SingleImage|Any CPU.ActiveCfg = Release|Any CPU
		{06021739-ABAA-4E30-B2A9-9C3C342BBF3E}.SingleImage|Any CPU.Build.0 = Release|Any CPU
		{0DD83604-5EA7-4E58-BFC9-DFD2152D99E4}.CD_ROM|Any CPU.ActiveCfg = Release|Any CPU
		{0DD83604-5EA7-4E58-BFC9-DFD2152D99E4}.CD_ROM|Any CPU.Build.0 = Release|Any CPU
		{0DD83604-5EA7-4E58-BFC9-DFD2152D99E4}.Debug|Any CPU.ActiveCfg = Debug|Any CPU
		{0DD83604-5EA7-4E58-BFC9-DFD2152D99E4}.Debug|Any CPU.Build.0 = Debug|Any CPU
		{0DD83604-5EA7-4E58-BFC9-DFD2152D99E4}.DVD-5|Any CPU.ActiveCfg = Debug|Any CPU
		{0DD83604-5EA7-4E58-BFC9-DFD2152D99E4}.DVD-5|Any CPU.Build.0 = Debug|Any CPU
		{0DD83604-5EA7-4E58-BFC9-DFD2152D99E4}.Release|Any CPU.ActiveCfg = Release|Any CPU
		{0DD83604-5EA7-4E58-BFC9-DFD2152D99E4}.Release|Any CPU.Build.0 = Release|Any CPU
		{0DD83604-5EA7-4E58-BFC9-DFD2152D99E4}.SingleImage|Any CPU.ActiveCfg = Release|Any CPU
		{0DD83604-5EA7-4E58-BFC9-DFD2152D99E4}.SingleImage|Any CPU.Build.0 = Release|Any CPU
		{179B0AE4-7721-43DE-9842-5E9AA7187700}.CD_ROM|Any CPU.ActiveCfg = CD_ROM
		{179B0AE4-7721-43DE-9842-5E9AA7187700}.CD_ROM|Any CPU.Build.0 = CD_ROM
		{179B0AE4-7721-43DE-9842-5E9AA7187700}.Debug|Any CPU.ActiveCfg = DVD-5
		{179B0AE4-7721-43DE-9842-5E9AA7187700}.Debug|Any CPU.Build.0 = DVD-5
		{179B0AE4-7721-43DE-9842-5E9AA7187700}.DVD-5|Any CPU.ActiveCfg = DVD-5
		{179B0AE4-7721-43DE-9842-5E9AA7187700}.DVD-5|Any CPU.Build.0 = DVD-5
		{179B0AE4-7721-43DE-9842-5E9AA7187700}.Release|Any CPU.ActiveCfg = SingleImage
		{179B0AE4-7721-43DE-9842-5E9AA7187700}.Release|Any CPU.Build.0 = SingleImage
		{179B0AE4-7721-43DE-9842-5E9AA7187700}.SingleImage|Any CPU.ActiveCfg = SingleImage
		{179B0AE4-7721-43DE-9842-5E9AA7187700}.SingleImage|Any CPU.Build.0 = SingleImage
	EndGlobalSection
	GlobalSection(SolutionProperties) = preSolution
		HideSolutionNode = FALSE
	EndGlobalSection
EndGlobal
